
Microsoft Visual Studio Solution File, Format Version 12.00
# Visual Studio Version 17
VisualStudioVersion = 17.3.32929.385
MinimumVisualStudioVersion = 10.0.40219.1
Project("{FAE04EC0-301F-11D3-BF4B-00C04F79EFBC}") = "DateiHerunterladen", "Beispiele\DateiHerunterladen.csproj", "{EB23BEA5-9238-4108-B4DF-181F99DF93FC}"
EndProject
Project("{FAE04EC0-301F-11D3-BF4B-00C04F79EFBC}") = "DownloadGUI", "DownloadGUI\DownloadGUI.csproj", "{0AC82D6B-5FE0-43AC-ABB1-6173DABCF204}"
EndProject
Project("{FAE04EC0-301F-11D3-BF4B-00C04F79EFBC}") = "Crane", "Crane\Crane.csproj", "{2FF73085-891B-40EA-BF09-8A6E53BEA1C1}"
EndProject
Global
	GlobalSection(SolutionConfigurationPlatforms) = preSolution
		Debug|Any CPU = Debug|Any CPU
		Release|Any CPU = Release|Any CPU
	EndGlobalSection
	GlobalSection(ProjectConfigurationPlatforms) = postSolution
		{EB23BEA5-9238-4108-B4DF-181F99DF93FC}.Debug|Any CPU.ActiveCfg = Debug|Any CPU
		{EB23BEA5-9238-4108-B4DF-181F99DF93FC}.Debug|Any CPU.Build.0 = Debug|Any CPU
		{EB23BEA5-9238-4108-B4DF-181F99DF93FC}.Release|Any CPU.ActiveCfg = Release|Any CPU
		{EB23BEA5-9238-4108-B4DF-181F99DF93FC}.Release|Any CPU.Build.0 = Release|Any CPU
		{0AC82D6B-5FE0-43AC-ABB1-6173DABCF204}.Debug|Any CPU.ActiveCfg = Debug|Any CPU
		{0AC82D6B-5FE0-43AC-ABB1-6173DABCF204}.Debug|Any CPU.Build.0 = Debug|Any CPU
		{0AC82D6B-5FE0-43AC-ABB1-6173DABCF204}.Release|Any CPU.ActiveCfg = Release|Any CPU
		{0AC82D6B-5FE0-43AC-ABB1-6173DABCF204}.Release|Any CPU.Build.0 = Release|Any CPU
		{2FF73085-891B-40EA-BF09-8A6E53BEA1C1}.Debug|Any CPU.ActiveCfg = Debug|Any CPU
		{2FF73085-891B-40EA-BF09-8A6E53BEA1C1}.Debug|Any CPU.Build.0 = Debug|Any CPU
		{2FF73085-891B-40EA-BF09-8A6E53BEA1C1}.Release|Any CPU.ActiveCfg = Release|Any CPU
		{2FF73085-891B-40EA-BF09-8A6E53BEA1C1}.Release|Any CPU.Build.0 = Release|Any CPU
	EndGlobalSection
	GlobalSection(SolutionProperties) = preSolution
		HideSolutionNode = FALSE
	EndGlobalSection
	GlobalSection(ExtensibilityGlobals) = postSolution
		SolutionGuid = {E49E3053-2F07-414F-B704-A285105D9BB2}
	EndGlobalSection
EndGlobal
