
Microsoft Visual Studio Solution File, Format Version 12.00
# Visual Studio Version 17
VisualStudioVersion = 17.3.32929.385
MinimumVisualStudioVersion = 10.0.40219.1
Project("{9A19103F-16F7-4668-BE54-9A1E7A4F7556}") = "DateiHerunterladen", "Beispiele\DateiHerunterladen.csproj", "{EB23BEA5-9238-4108-B4DF-181F99DF93FC}"
EndProject
Project("{FAE04EC0-301F-11D3-BF4B-00C04F79EFBC}") = "DownloadGUI", "DownloadGUI\DownloadGUI.csproj", "{0AC82D6B-5FE0-43AC-ABB1-6173DABCF204}"
EndProject
Project("{FAE04EC0-301F-11D3-BF4B-00C04F79EFBC}") = "Crane", "Crane\Crane.csproj", "{2FF73085-891B-40EA-BF09-8A6E53BEA1C1}"
EndProject
Project("{FAE04EC0-301F-11D3-BF4B-00C04F79EFBC}") = "UIDemo", "UIDemo\UIDemo.csproj", "{395533D9-CD03-4A2F-AB9A-0F42F35E185E}"
EndProject
Project("{FAE04EC0-301F-11D3-BF4B-00C04F79EFBC}") = "ExcerciseOOP", "ExcerciseOOP\ExcerciseOOP.csproj", "{7EE7AD6A-BAEC-49AB-9ACF-9C2EAB87F79B}"
EndProject
Project("{FAE04EC0-301F-11D3-BF4B-00C04F79EFBC}") = "PasswordGeneator", "PasswordGeneator\PasswordGeneator.csproj", "{57F7EBB9-BA3A-4396-8C97-48E48831D4A4}"
EndProject
Global
	GlobalSection(SolutionConfigurationPlatforms) = preSolution
		Debug|Any CPU = Debug|Any CPU
		Release|Any CPU = Release|Any CPU
	EndGlobalSection
	GlobalSection(ProjectConfigurationPlatforms) = postSolution
		{EB23BEA5-9238-4108-B4DF-181F99DF93FC}.Debug|Any CPU.ActiveCfg = Debug|Any CPU
		{EB23BEA5-9238-4108-B4DF-181F99DF93FC}.Debug|Any CPU.Build.0 = Debug|Any CPU
		{EB23BEA5-9238-4108-B4DF-181F99DF93FC}.Release|Any CPU.ActiveCfg = Release|Any CPU
		{EB23BEA5-9238-4108-B4DF-181F99DF93FC}.Release|Any CPU.Build.0 = Release|Any CPU
		{0AC82D6B-5FE0-43AC-ABB1-6173DABCF204}.Debug|Any CPU.ActiveCfg = Debug|Any CPU
		{0AC82D6B-5FE0-43AC-ABB1-6173DABCF204}.Debug|Any CPU.Build.0 = Debug|Any CPU
		{0AC82D6B-5FE0-43AC-ABB1-6173DABCF204}.Release|Any CPU.ActiveCfg = Release|Any CPU
		{0AC82D6B-5FE0-43AC-ABB1-6173DABCF204}.Release|Any CPU.Build.0 = Release|Any CPU
		{2FF73085-891B-40EA-BF09-8A6E53BEA1C1}.Debug|Any CPU.ActiveCfg = Debug|Any CPU
		{2FF73085-891B-40EA-BF09-8A6E53BEA1C1}.Debug|Any CPU.Build.0 = Debug|Any CPU
		{2FF73085-891B-40EA-BF09-8A6E53BEA1C1}.Release|Any CPU.ActiveCfg = Release|Any CPU
		{2FF73085-891B-40EA-BF09-8A6E53BEA1C1}.Release|Any CPU.Build.0 = Release|Any CPU
		{395533D9-CD03-4A2F-AB9A-0F42F35E185E}.Debug|Any CPU.ActiveCfg = Debug|Any CPU
		{395533D9-CD03-4A2F-AB9A-0F42F35E185E}.Debug|Any CPU.Build.0 = Debug|Any CPU
		{395533D9-CD03-4A2F-AB9A-0F42F35E185E}.Release|Any CPU.ActiveCfg = Release|Any CPU
		{395533D9-CD03-4A2F-AB9A-0F42F35E185E}.Release|Any CPU.Build.0 = Release|Any CPU
		{7EE7AD6A-BAEC-49AB-9ACF-9C2EAB87F79B}.Debug|Any CPU.ActiveCfg = Debug|Any CPU
		{7EE7AD6A-BAEC-49AB-9ACF-9C2EAB87F79B}.Debug|Any CPU.Build.0 = Debug|Any CPU
		{7EE7AD6A-BAEC-49AB-9ACF-9C2EAB87F79B}.Release|Any CPU.ActiveCfg = Release|Any CPU
		{7EE7AD6A-BAEC-49AB-9ACF-9C2EAB87F79B}.Release|Any CPU.Build.0 = Release|Any CPU
		{57F7EBB9-BA3A-4396-8C97-48E48831D4A4}.Debug|Any CPU.ActiveCfg = Debug|Any CPU
		{57F7EBB9-BA3A-4396-8C97-48E48831D4A4}.Debug|Any CPU.Build.0 = Debug|Any CPU
		{57F7EBB9-BA3A-4396-8C97-48E48831D4A4}.Release|Any CPU.ActiveCfg = Release|Any CPU
		{57F7EBB9-BA3A-4396-8C97-48E48831D4A4}.Release|Any CPU.Build.0 = Release|Any CPU
	EndGlobalSection
	GlobalSection(SolutionProperties) = preSolution
		HideSolutionNode = FALSE
	EndGlobalSection
	GlobalSection(ExtensibilityGlobals) = postSolution
		SolutionGuid = {E49E3053-2F07-414F-B704-A285105D9BB2}
	EndGlobalSection
EndGlobal
